
Microsoft Visual Studio Solution File, Format Version 12.00
# Visual Studio Version 17
VisualStudioVersion = 17.10.34928.147
MinimumVisualStudioVersion = 10.0.40219.1
Project("{FAE04EC0-301F-11D3-BF4B-00C04F79EFBC}") = "ManipulacaoJson", "ManipulacaoJson\ManipulacaoJson.csproj", "{A3D8F687-93BB-424F-A621-A2E23B024423}"
EndProject
Global
	GlobalSection(SolutionConfigurationPlatforms) = preSolution
		Debug|Any CPU = Debug|Any CPU
		Release|Any CPU = Release|Any CPU
	EndGlobalSection
	GlobalSection(ProjectConfigurationPlatforms) = postSolution
		{A3D8F687-93BB-424F-A621-A2E23B024423}.Debug|Any CPU.ActiveCfg = Debug|Any CPU
		{A3D8F687-93BB-424F-A621-A2E23B024423}.Debug|Any CPU.Build.0 = Debug|Any CPU
		{A3D8F687-93BB-424F-A621-A2E23B024423}.Release|Any CPU.ActiveCfg = Release|Any CPU
		{A3D8F687-93BB-424F-A621-A2E23B024423}.Release|Any CPU.Build.0 = Release|Any CPU
	EndGlobalSection
	GlobalSection(SolutionProperties) = preSolution
		HideSolutionNode = FALSE
	EndGlobalSection
	GlobalSection(ExtensibilityGlobals) = postSolution
		SolutionGuid = {210E187F-3782-409C-8834-5FE9438A0B77}
	EndGlobalSection
EndGlobal
